
Microsoft Visual Studio Solution File, Format Version 12.00
# Visual Studio Version 17
VisualStudioVersion = 17.7.34221.43
MinimumVisualStudioVersion = 10.0.40219.1
Project("{9A19103F-16F7-4668-BE54-9A1E7A4F7556}") = "project_1", "project_1\project_1.csproj", "{7D8373A8-0FA6-46AF-ADA3-1F047C50F3F5}"
EndProject
Project("{FAE04EC0-301F-11D3-BF4B-00C04F79EFBC}") = "Racetrack", "Racetrack\Racetrack.csproj", "{5BE9A3BB-D0AD-4B9A-AC8D-1FB90844FD71}"
EndProject
Global
	GlobalSection(SolutionConfigurationPlatforms) = preSolution
		Debug|Any CPU = Debug|Any CPU
		Release|Any CPU = Release|Any CPU
	EndGlobalSection
	GlobalSection(ProjectConfigurationPlatforms) = postSolution
		{7D8373A8-0FA6-46AF-ADA3-1F047C50F3F5}.Debug|Any CPU.ActiveCfg = Debug|Any CPU
		{7D8373A8-0FA6-46AF-ADA3-1F047C50F3F5}.Debug|Any CPU.Build.0 = Debug|Any CPU
		{7D8373A8-0FA6-46AF-ADA3-1F047C50F3F5}.Release|Any CPU.ActiveCfg = Release|Any CPU
		{7D8373A8-0FA6-46AF-ADA3-1F047C50F3F5}.Release|Any CPU.Build.0 = Release|Any CPU
		{5BE9A3BB-D0AD-4B9A-AC8D-1FB90844FD71}.Debug|Any CPU.ActiveCfg = Debug|Any CPU
		{5BE9A3BB-D0AD-4B9A-AC8D-1FB90844FD71}.Debug|Any CPU.Build.0 = Debug|Any CPU
		{5BE9A3BB-D0AD-4B9A-AC8D-1FB90844FD71}.Release|Any CPU.ActiveCfg = Release|Any CPU
		{5BE9A3BB-D0AD-4B9A-AC8D-1FB90844FD71}.Release|Any CPU.Build.0 = Release|Any CPU
	EndGlobalSection
	GlobalSection(SolutionProperties) = preSolution
		HideSolutionNode = FALSE
	EndGlobalSection
	GlobalSection(ExtensibilityGlobals) = postSolution
		SolutionGuid = {A48EAF53-B7EA-41C0-8177-9603BE1D290C}
	EndGlobalSection
EndGlobal
